
Microsoft Visual Studio Solution File, Format Version 12.00
# Visual Studio Version 17
VisualStudioVersion = 17.9.34902.65
MinimumVisualStudioVersion = 10.0.40219.1
Project("{FAE04EC0-301F-11D3-BF4B-00C04F79EFBC}") = "MailRegisteration.Presentation", "MailRegisteration.Presentation\MailRegisteration.Presentation.csproj", "{F5E3DCA1-70C1-49D4-922D-407A96D1F386}"
EndProject
Global
	GlobalSection(SolutionConfigurationPlatforms) = preSolution
		Debug|Any CPU = Debug|Any CPU
		Release|Any CPU = Release|Any CPU
	EndGlobalSection
	GlobalSection(ProjectConfigurationPlatforms) = postSolution
		{F5E3DCA1-70C1-49D4-922D-407A96D1F386}.Debug|Any CPU.ActiveCfg = Debug|Any CPU
		{F5E3DCA1-70C1-49D4-922D-407A96D1F386}.Debug|Any CPU.Build.0 = Debug|Any CPU
		{F5E3DCA1-70C1-49D4-922D-407A96D1F386}.Release|Any CPU.ActiveCfg = Release|Any CPU
		{F5E3DCA1-70C1-49D4-922D-407A96D1F386}.Release|Any CPU.Build.0 = Release|Any CPU
	EndGlobalSection
	GlobalSection(SolutionProperties) = preSolution
		HideSolutionNode = FALSE
	EndGlobalSection
	GlobalSection(ExtensibilityGlobals) = postSolution
		SolutionGuid = {1918A45C-FB24-4859-87D5-C33D92AE6529}
	EndGlobalSection
EndGlobal
